
Microsoft Visual Studio Solution File, Format Version 12.00
# Visual Studio Version 17
VisualStudioVersion = 17.11.35208.52
MinimumVisualStudioVersion = 10.0.40219.1
Project("{FAE04EC0-301F-11D3-BF4B-00C04F79EFBC}") = "Portal.Client", "Portal.Client\Portal.Client.csproj", "{A86BCD53-9D8C-450D-9AA1-6EB0D0AF75A9}"
EndProject
Project("{2150E333-8FDC-42A3-9474-1A3956D46DE8}") = "01. Front", "01. Front", "{9DD38E05-72FA-4EB2-BC66-C70BC5DC66BF}"
EndProject
Project("{2150E333-8FDC-42A3-9474-1A3956D46DE8}") = "02. Back", "02. Back", "{9E678B77-B9B6-464E-B462-3EA2057DBBAF}"
EndProject
Project("{2150E333-8FDC-42A3-9474-1A3956D46DE8}") = "01. Entities", "01. Entities", "{79058028-A405-4A31-BCAA-D7D0FFFA4DCF}"
EndProject
Project("{2150E333-8FDC-42A3-9474-1A3956D46DE8}") = "02. Data_Access_Layer_(DAL)", "02. Data_Access_Layer_(DAL)", "{F6D179B9-3AB5-4253-99B6-434E0505EFC1}"
EndProject
Project("{2150E333-8FDC-42A3-9474-1A3956D46DE8}") = "03. Business_Logic_Layer_(BLL)", "03. Business_Logic_Layer_(BLL)", "{6929B4FE-5A4F-4DCB-BCC1-5F733DBC807A}"
EndProject
Project("{2150E333-8FDC-42A3-9474-1A3956D46DE8}") = "04. API_REST", "04. API_REST", "{A4CC51FC-C97D-4F30-8BD2-61200B6022B1}"
EndProject
Project("{2150E333-8FDC-42A3-9474-1A3956D46DE8}") = "05. Unit_Test", "05. Unit_Test", "{A98DD05F-FD0E-4B91-B32A-EC6B437EC09B}"
EndProject
Project("{2150E333-8FDC-42A3-9474-1A3956D46DE8}") = "03. Share", "03. Share", "{8D5B018D-B064-4D8E-8084-C67A9D6A9053}"
EndProject
Project("{FAE04EC0-301F-11D3-BF4B-00C04F79EFBC}") = "Portal.Shared", "Portal.Shared\Portal.Shared.csproj", "{C6E25736-A85D-4212-9730-6BFD19A667A4}"
EndProject
Project("{FAE04EC0-301F-11D3-BF4B-00C04F79EFBC}") = "Portal.Entities", "Portal.Entitys\Portal.Entities.csproj", "{0EFD5CCE-A76F-470A-9380-999AFDB1FF6A}"
EndProject
Project("{FAE04EC0-301F-11D3-BF4B-00C04F79EFBC}") = "Portal.DataAccess", "Portal.DataAccess\Portal.DataAccess.csproj", "{9579E730-4DD7-4CD3-8C5D-5F3999A354AE}"
EndProject
Project("{FAE04EC0-301F-11D3-BF4B-00C04F79EFBC}") = "Portal.Services", "Portal.Services\Portal.Services.csproj", "{65EC4F73-267A-4004-8476-8CD55237D118}"
EndProject
Project("{FAE04EC0-301F-11D3-BF4B-00C04F79EFBC}") = "Portal.Repositories", "Portal.Repositories\Portal.Repositories.csproj", "{93CFD04B-B356-4AB5-9EE8-AF0F882FA5A4}"
EndProject
Project("{FAE04EC0-301F-11D3-BF4B-00C04F79EFBC}") = "Portal.Server", "Portal.Server\Portal.Server.csproj", "{D694D24E-C5B0-4594-9076-50B916362923}"
EndProject
Project("{FAE04EC0-301F-11D3-BF4B-00C04F79EFBC}") = "Portal.UnitTest", "Portal.UnitTest\Portal.UnitTest.csproj", "{B686FA22-2CED-4D82-94B0-367DD4C72D9C}"
EndProject
Global
	GlobalSection(SolutionConfigurationPlatforms) = preSolution
		Debug|Any CPU = Debug|Any CPU
		Release|Any CPU = Release|Any CPU
	EndGlobalSection
	GlobalSection(ProjectConfigurationPlatforms) = postSolution
		{A86BCD53-9D8C-450D-9AA1-6EB0D0AF75A9}.Debug|Any CPU.ActiveCfg = Debug|Any CPU
		{A86BCD53-9D8C-450D-9AA1-6EB0D0AF75A9}.Debug|Any CPU.Build.0 = Debug|Any CPU
		{A86BCD53-9D8C-450D-9AA1-6EB0D0AF75A9}.Release|Any CPU.ActiveCfg = Release|Any CPU
		{A86BCD53-9D8C-450D-9AA1-6EB0D0AF75A9}.Release|Any CPU.Build.0 = Release|Any CPU
		{C6E25736-A85D-4212-9730-6BFD19A667A4}.Debug|Any CPU.ActiveCfg = Debug|Any CPU
		{C6E25736-A85D-4212-9730-6BFD19A667A4}.Debug|Any CPU.Build.0 = Debug|Any CPU
		{C6E25736-A85D-4212-9730-6BFD19A667A4}.Release|Any CPU.ActiveCfg = Release|Any CPU
		{C6E25736-A85D-4212-9730-6BFD19A667A4}.Release|Any CPU.Build.0 = Release|Any CPU
		{0EFD5CCE-A76F-470A-9380-999AFDB1FF6A}.Debug|Any CPU.ActiveCfg = Debug|Any CPU
		{0EFD5CCE-A76F-470A-9380-999AFDB1FF6A}.Debug|Any CPU.Build.0 = Debug|Any CPU
		{0EFD5CCE-A76F-470A-9380-999AFDB1FF6A}.Release|Any CPU.ActiveCfg = Release|Any CPU
		{0EFD5CCE-A76F-470A-9380-999AFDB1FF6A}.Release|Any CPU.Build.0 = Release|Any CPU
		{9579E730-4DD7-4CD3-8C5D-5F3999A354AE}.Debug|Any CPU.ActiveCfg = Debug|Any CPU
		{9579E730-4DD7-4CD3-8C5D-5F3999A354AE}.Debug|Any CPU.Build.0 = Debug|Any CPU
		{9579E730-4DD7-4CD3-8C5D-5F3999A354AE}.Release|Any CPU.ActiveCfg = Release|Any CPU
		{9579E730-4DD7-4CD3-8C5D-5F3999A354AE}.Release|Any CPU.Build.0 = Release|Any CPU
		{65EC4F73-267A-4004-8476-8CD55237D118}.Debug|Any CPU.ActiveCfg = Debug|Any CPU
		{65EC4F73-267A-4004-8476-8CD55237D118}.Debug|Any CPU.Build.0 = Debug|Any CPU
		{65EC4F73-267A-4004-8476-8CD55237D118}.Release|Any CPU.ActiveCfg = Release|Any CPU
		{65EC4F73-267A-4004-8476-8CD55237D118}.Release|Any CPU.Build.0 = Release|Any CPU
		{93CFD04B-B356-4AB5-9EE8-AF0F882FA5A4}.Debug|Any CPU.ActiveCfg = Debug|Any CPU
		{93CFD04B-B356-4AB5-9EE8-AF0F882FA5A4}.Debug|Any CPU.Build.0 = Debug|Any CPU
		{93CFD04B-B356-4AB5-9EE8-AF0F882FA5A4}.Release|Any CPU.ActiveCfg = Release|Any CPU
		{93CFD04B-B356-4AB5-9EE8-AF0F882FA5A4}.Release|Any CPU.Build.0 = Release|Any CPU
		{D694D24E-C5B0-4594-9076-50B916362923}.Debug|Any CPU.ActiveCfg = Debug|Any CPU
		{D694D24E-C5B0-4594-9076-50B916362923}.Debug|Any CPU.Build.0 = Debug|Any CPU
		{D694D24E-C5B0-4594-9076-50B916362923}.Release|Any CPU.ActiveCfg = Release|Any CPU
		{D694D24E-C5B0-4594-9076-50B916362923}.Release|Any CPU.Build.0 = Release|Any CPU
		{B686FA22-2CED-4D82-94B0-367DD4C72D9C}.Debug|Any CPU.ActiveCfg = Debug|Any CPU
		{B686FA22-2CED-4D82-94B0-367DD4C72D9C}.Debug|Any CPU.Build.0 = Debug|Any CPU
		{B686FA22-2CED-4D82-94B0-367DD4C72D9C}.Release|Any CPU.ActiveCfg = Release|Any CPU
		{B686FA22-2CED-4D82-94B0-367DD4C72D9C}.Release|Any CPU.Build.0 = Release|Any CPU
	EndGlobalSection
	GlobalSection(SolutionProperties) = preSolution
		HideSolutionNode = FALSE
	EndGlobalSection
	GlobalSection(NestedProjects) = preSolution
		{A86BCD53-9D8C-450D-9AA1-6EB0D0AF75A9} = {9DD38E05-72FA-4EB2-BC66-C70BC5DC66BF}
		{79058028-A405-4A31-BCAA-D7D0FFFA4DCF} = {9E678B77-B9B6-464E-B462-3EA2057DBBAF}
		{F6D179B9-3AB5-4253-99B6-434E0505EFC1} = {9E678B77-B9B6-464E-B462-3EA2057DBBAF}
		{6929B4FE-5A4F-4DCB-BCC1-5F733DBC807A} = {9E678B77-B9B6-464E-B462-3EA2057DBBAF}
		{A4CC51FC-C97D-4F30-8BD2-61200B6022B1} = {9E678B77-B9B6-464E-B462-3EA2057DBBAF}
		{A98DD05F-FD0E-4B91-B32A-EC6B437EC09B} = {9E678B77-B9B6-464E-B462-3EA2057DBBAF}
		{C6E25736-A85D-4212-9730-6BFD19A667A4} = {8D5B018D-B064-4D8E-8084-C67A9D6A9053}
		{0EFD5CCE-A76F-470A-9380-999AFDB1FF6A} = {79058028-A405-4A31-BCAA-D7D0FFFA4DCF}
		{9579E730-4DD7-4CD3-8C5D-5F3999A354AE} = {F6D179B9-3AB5-4253-99B6-434E0505EFC1}
		{65EC4F73-267A-4004-8476-8CD55237D118} = {6929B4FE-5A4F-4DCB-BCC1-5F733DBC807A}
		{93CFD04B-B356-4AB5-9EE8-AF0F882FA5A4} = {F6D179B9-3AB5-4253-99B6-434E0505EFC1}
		{D694D24E-C5B0-4594-9076-50B916362923} = {A4CC51FC-C97D-4F30-8BD2-61200B6022B1}
		{B686FA22-2CED-4D82-94B0-367DD4C72D9C} = {A98DD05F-FD0E-4B91-B32A-EC6B437EC09B}
	EndGlobalSection
	GlobalSection(ExtensibilityGlobals) = postSolution
		SolutionGuid = {27B3C771-4F14-4530-93B9-4D2E2FD4185D}
	EndGlobalSection
EndGlobal
